
Microsoft Visual Studio Solution File, Format Version 12.00
Project("{FAE04EC0-301F-11D3-BF4B-00C04F79EFBC}") = "StaticFront", "StaticFront\StaticFront.csproj", "{C082491D-27A8-492D-80D0-C172CFE47A73}"
EndProject
Global
	GlobalSection(SolutionConfigurationPlatforms) = preSolution
		Debug|Any CPU = Debug|Any CPU
		Release|Any CPU = Release|Any CPU
	EndGlobalSection
	GlobalSection(ProjectConfigurationPlatforms) = postSolution
		{C082491D-27A8-492D-80D0-C172CFE47A73}.Debug|Any CPU.ActiveCfg = Debug|Any CPU
		{C082491D-27A8-492D-80D0-C172CFE47A73}.Debug|Any CPU.Build.0 = Debug|Any CPU
		{C082491D-27A8-492D-80D0-C172CFE47A73}.Release|Any CPU.ActiveCfg = Release|Any CPU
		{C082491D-27A8-492D-80D0-C172CFE47A73}.Release|Any CPU.Build.0 = Release|Any CPU
	EndGlobalSection
EndGlobal
